Microsoft Visual Studio Solution File, Format Version 12.00
# Visual Studio Version 17
VisualStudioVersion = 17.10.35122.118
MinimumVisualStudioVersion = 10.0.40219.1
Project("{2150E333-8FDC-42A3-9474-1A3956D46DE8}") = "Samples", "Samples", "{5D20AA90-6969-D8BD-9DCD-8634F4692FDA}"
EndProject
Project("{2150E333-8FDC-42A3-9474-1A3956D46DE8}") = "Infrastructure", "Infrastructure", "{DFEE68D8-A7D0-1A41-506C-9B74AA9A7B7B}"
EndProject
Project("{2150E333-8FDC-42A3-9474-1A3956D46DE8}") = "Common", "Common", "{881589EE-639B-0A35-DBCE-5D94E4FC90C0}"
EndProject
Project("{2150E333-8FDC-42A3-9474-1A3956D46DE8}") = "Api", "Api", "{D82C56D6-B2CD-F611-9E31-04638F7EC30E}"
EndProject
Project("{9A19103F-16F7-4668-BE54-9A1E7A4F7556}") = "Snowflake.Sample", "Samples\Snowflake.Sample\Snowflake.Sample.csproj", "{5763F7A9-DC0B-B007-0B56-087FB73F17CC}"
EndProject
Project("{9A19103F-16F7-4668-BE54-9A1E7A4F7556}") = "Infrastructure.EntityFrameworkCore", "Infrastructure\Infrastructure.EntityFrameworkCore\Infrastructure.EntityFrameworkCore.csproj", "{DEB547CA-D447-B327-259F-238AF93D10C7}"
EndProject
Project("{9A19103F-16F7-4668-BE54-9A1E7A4F7556}") = "Microsoft.EntityFrameworkCore", "Infrastructure\Microsoft.EntityFrameworkCore\Microsoft.EntityFrameworkCore.csproj", "{C0EC5E17-5A76-2568-410A-74FB344ED6B3}"
EndProject
Project("{9A19103F-16F7-4668-BE54-9A1E7A4F7556}") = "Results", "Common\Results\Results.csproj", "{65804498-E31A-AE7D-5205-243DFA5A8E29}"
EndProject
Project("{9A19103F-16F7-4668-BE54-9A1E7A4F7556}") = "Snowflake", "Common\Snowflake\Snowflake.csproj", "{D91551BF-A80B-6B9F-A087-4D65CF2F5EC2}"
EndProject
Project("{9A19103F-16F7-4668-BE54-9A1E7A4F7556}") = "Api.Auth.Jwt", "Api\Api.Auth.Jwt\Api.Auth.Jwt.csproj", "{4D6475AB-F8C8-D372-B02F-D95841AE31C8}"
EndProject
Project("{9A19103F-16F7-4668-BE54-9A1E7A4F7556}") = "Api.Auth", "Api\Api.Auth\Api.Auth.csproj", "{99FFDB02-F10E-509E-EBB5-92BFA86F5E66}"
EndProject
Project("{9A19103F-16F7-4668-BE54-9A1E7A4F7556}") = "Api.Controllers", "Api\Api.Controllers\Api.Controllers.csproj", "{5FEC7AAA-15C4-690F-053D-BB55F64690E2}"
EndProject
Project("{9A19103F-16F7-4668-BE54-9A1E7A4F7556}") = "Api.Cors", "Api\Api.Cors\Api.Cors.csproj", "{E7F73B9D-823B-3F8F-BCA5-95E3A9E0EFE3}"
EndProject
Project("{9A19103F-16F7-4668-BE54-9A1E7A4F7556}") = "Api.Exceptions", "Api\Api.Exceptions\Api.Exceptions.csproj", "{A583CDB0-9B39-556D-AB8E-F28A7459A8A9}"
EndProject
Project("{9A19103F-16F7-4668-BE54-9A1E7A4F7556}") = "Api.Filters", "Api\Api.Filters\Api.Filters.csproj", "{32208535-1284-A265-F961-D861E91A63D0}"
EndProject
Project("{9A19103F-16F7-4668-BE54-9A1E7A4F7556}") = "Api.FluentValidation", "Api\Api.FluentValidation\Api.FluentValidation.csproj", "{0C4D9DD6-ADDE-46AB-B71F-FA4F0553E52F}"
EndProject
Project("{9A19103F-16F7-4668-BE54-9A1E7A4F7556}") = "Api.Headers", "Api\Api.Headers\Api.Headers.csproj", "{24DD74CD-F436-D012-9BE4-965BC03FC9AF}"
EndProject
Project("{9A19103F-16F7-4668-BE54-9A1E7A4F7556}") = "Api.Http.Logging", "Api\Api.Http.Logging\Api.Http.Logging.csproj", "{E0679474-D3DE-C16D-EE7C-A8E562F113FD}"
EndProject
Project("{9A19103F-16F7-4668-BE54-9A1E7A4F7556}") = "Api.IpAddress", "Api\Api.IpAddress\Api.IpAddress.csproj", "{C38EDAD1-3A1E-7014-B5F9-3D7B16078C91}"
EndProject
Project("{9A19103F-16F7-4668-BE54-9A1E7A4F7556}") = "Api.Logging", "Api\Api.Logging\Api.Logging.csproj", "{8D72E1B1-4386-638B-4577-F5E4156C0275}"
EndProject
Project("{9A19103F-16F7-4668-BE54-9A1E7A4F7556}") = "Api.RateLimiter", "Api\Api.RateLimiter\Api.RateLimiter.csproj", "{5BCBA826-9BD0-B0CA-250E-CF9E874FE54E}"
EndProject
Project("{9A19103F-16F7-4668-BE54-9A1E7A4F7556}") = "Api.Result", "Api\Api.Result\Api.Result.csproj", "{17E5F2C6-C3DF-DB08-94B9-B730BC10A2B5}"
EndProject
Project("{9A19103F-16F7-4668-BE54-9A1E7A4F7556}") = "Api.Swagger", "Api\Api.Swagger\Api.Swagger.csproj", "{C9441EB2-7740-CFE1-396C-145E52003E8C}"
EndProject
Project("{9A19103F-16F7-4668-BE54-9A1E7A4F7556}") = "Enum", "Common\Enum\Enum.csproj", "{42860CD1-920E-469C-9503-DEA7A327BD73}"
EndProject
Project("{9A19103F-16F7-4668-BE54-9A1E7A4F7556}") = "PasswordHasher", "Common\PasswordHasher\PasswordHasher.csproj", "{6293A02D-4892-40E2-B701-430A6EF3020E}"
EndProject
Project("{9A19103F-16F7-4668-BE54-9A1E7A4F7556}") = "Enum.Sample", "Samples\Enum.Sample\Enum.Sample.csproj", "{F36FA0B7-D66E-4D55-8BE3-104E8729D5F7}"
EndProject
Project("{9A19103F-16F7-4668-BE54-9A1E7A4F7556}") = "PasswordHashing", "Samples\PasswordHashing\PasswordHashing.csproj", "{7509EB34-00A8-4143-89C1-0AD8F83CCB31}"
EndProject
Global
	GlobalSection(ExtensibilityGlobals) = postSolution
		SolutionGuid = {083BC647-D545-4BC8-AD05-4FA2AE55A5C9}
	EndGlobalSection
	GlobalSection(SolutionConfigurationPlatforms) = preSolution
		Debug|Any CPU = Debug|Any CPU
		Release|Any CPU = Release|Any CPU
	EndGlobalSection
	GlobalSection(ProjectConfigurationPlatforms) = postSolution
		{42860CD1-920E-469C-9503-DEA7A327BD73}.Debug|Any CPU.ActiveCfg = Debug|Any CPU
		{42860CD1-920E-469C-9503-DEA7A327BD73}.Debug|Any CPU.Build.0 = Debug|Any CPU
		{42860CD1-920E-469C-9503-DEA7A327BD73}.Release|Any CPU.ActiveCfg = Release|Any CPU
		{42860CD1-920E-469C-9503-DEA7A327BD73}.Release|Any CPU.Build.0 = Release|Any CPU
		{5763F7A9-DC0B-B007-0B56-087FB73F17CC}.Debug|Any CPU.ActiveCfg = Debug|Any CPU
		{5763F7A9-DC0B-B007-0B56-087FB73F17CC}.Debug|Any CPU.Build.0 = Debug|Any CPU
		{5763F7A9-DC0B-B007-0B56-087FB73F17CC}.Release|Any CPU.ActiveCfg = Release|Any CPU
		{5763F7A9-DC0B-B007-0B56-087FB73F17CC}.Release|Any CPU.Build.0 = Release|Any CPU
		{6293A02D-4892-40E2-B701-430A6EF3020E}.Debug|Any CPU.ActiveCfg = Debug|Any CPU
		{6293A02D-4892-40E2-B701-430A6EF3020E}.Debug|Any CPU.Build.0 = Debug|Any CPU
		{6293A02D-4892-40E2-B701-430A6EF3020E}.Release|Any CPU.ActiveCfg = Release|Any CPU
		{6293A02D-4892-40E2-B701-430A6EF3020E}.Release|Any CPU.Build.0 = Release|Any CPU
		{7509EB34-00A8-4143-89C1-0AD8F83CCB31}.Debug|Any CPU.ActiveCfg = Debug|Any CPU
		{7509EB34-00A8-4143-89C1-0AD8F83CCB31}.Debug|Any CPU.Build.0 = Debug|Any CPU
		{7509EB34-00A8-4143-89C1-0AD8F83CCB31}.Release|Any CPU.ActiveCfg = Release|Any CPU
		{7509EB34-00A8-4143-89C1-0AD8F83CCB31}.Release|Any CPU.Build.0 = Release|Any CPU
		{DEB547CA-D447-B327-259F-238AF93D10C7}.Debug|Any CPU.ActiveCfg = Debug|Any CPU
		{DEB547CA-D447-B327-259F-238AF93D10C7}.Debug|Any CPU.Build.0 = Debug|Any CPU
		{DEB547CA-D447-B327-259F-238AF93D10C7}.Release|Any CPU.ActiveCfg = Release|Any CPU
		{DEB547CA-D447-B327-259F-238AF93D10C7}.Release|Any CPU.Build.0 = Release|Any CPU
		{C0EC5E17-5A76-2568-410A-74FB344ED6B3}.Debug|Any CPU.ActiveCfg = Debug|Any CPU
		{C0EC5E17-5A76-2568-410A-74FB344ED6B3}.Debug|Any CPU.Build.0 = Debug|Any CPU
		{C0EC5E17-5A76-2568-410A-74FB344ED6B3}.Release|Any CPU.ActiveCfg = Release|Any CPU
		{C0EC5E17-5A76-2568-410A-74FB344ED6B3}.Release|Any CPU.Build.0 = Release|Any CPU
		{65804498-E31A-AE7D-5205-243DFA5A8E29}.Debug|Any CPU.ActiveCfg = Debug|Any CPU
		{65804498-E31A-AE7D-5205-243DFA5A8E29}.Debug|Any CPU.Build.0 = Debug|Any CPU
		{65804498-E31A-AE7D-5205-243DFA5A8E29}.Release|Any CPU.ActiveCfg = Release|Any CPU
		{65804498-E31A-AE7D-5205-243DFA5A8E29}.Release|Any CPU.Build.0 = Release|Any CPU
		{D91551BF-A80B-6B9F-A087-4D65CF2F5EC2}.Debug|Any CPU.ActiveCfg = Debug|Any CPU
		{D91551BF-A80B-6B9F-A087-4D65CF2F5EC2}.Debug|Any CPU.Build.0 = Debug|Any CPU
		{D91551BF-A80B-6B9F-A087-4D65CF2F5EC2}.Release|Any CPU.ActiveCfg = Release|Any CPU
		{D91551BF-A80B-6B9F-A087-4D65CF2F5EC2}.Release|Any CPU.Build.0 = Release|Any CPU
		{4D6475AB-F8C8-D372-B02F-D95841AE31C8}.Debug|Any CPU.ActiveCfg = Debug|Any CPU
		{4D6475AB-F8C8-D372-B02F-D95841AE31C8}.Debug|Any CPU.Build.0 = Debug|Any CPU
		{4D6475AB-F8C8-D372-B02F-D95841AE31C8}.Release|Any CPU.ActiveCfg = Release|Any CPU
		{4D6475AB-F8C8-D372-B02F-D95841AE31C8}.Release|Any CPU.Build.0 = Release|Any CPU
		{99FFDB02-F10E-509E-EBB5-92BFA86F5E66}.Debug|Any CPU.ActiveCfg = Debug|Any CPU
		{99FFDB02-F10E-509E-EBB5-92BFA86F5E66}.Debug|Any CPU.Build.0 = Debug|Any CPU
		{99FFDB02-F10E-509E-EBB5-92BFA86F5E66}.Release|Any CPU.ActiveCfg = Release|Any CPU
		{99FFDB02-F10E-509E-EBB5-92BFA86F5E66}.Release|Any CPU.Build.0 = Release|Any CPU
		{5FEC7AAA-15C4-690F-053D-BB55F64690E2}.Debug|Any CPU.ActiveCfg = Debug|Any CPU
		{5FEC7AAA-15C4-690F-053D-BB55F64690E2}.Debug|Any CPU.Build.0 = Debug|Any CPU
		{5FEC7AAA-15C4-690F-053D-BB55F64690E2}.Release|Any CPU.ActiveCfg = Release|Any CPU
		{5FEC7AAA-15C4-690F-053D-BB55F64690E2}.Release|Any CPU.Build.0 = Release|Any CPU
		{E7F73B9D-823B-3F8F-BCA5-95E3A9E0EFE3}.Debug|Any CPU.ActiveCfg = Debug|Any CPU
		{E7F73B9D-823B-3F8F-BCA5-95E3A9E0EFE3}.Debug|Any CPU.Build.0 = Debug|Any CPU
		{E7F73B9D-823B-3F8F-BCA5-95E3A9E0EFE3}.Release|Any CPU.ActiveCfg = Release|Any CPU
		{E7F73B9D-823B-3F8F-BCA5-95E3A9E0EFE3}.Release|Any CPU.Build.0 = Release|Any CPU
		{A583CDB0-9B39-556D-AB8E-F28A7459A8A9}.Debug|Any CPU.ActiveCfg = Debug|Any CPU
		{A583CDB0-9B39-556D-AB8E-F28A7459A8A9}.Debug|Any CPU.Build.0 = Debug|Any CPU
		{A583CDB0-9B39-556D-AB8E-F28A7459A8A9}.Release|Any CPU.ActiveCfg = Release|Any CPU
		{A583CDB0-9B39-556D-AB8E-F28A7459A8A9}.Release|Any CPU.Build.0 = Release|Any CPU
		{32208535-1284-A265-F961-D861E91A63D0}.Debug|Any CPU.ActiveCfg = Debug|Any CPU
		{32208535-1284-A265-F961-D861E91A63D0}.Debug|Any CPU.Build.0 = Debug|Any CPU
		{32208535-1284-A265-F961-D861E91A63D0}.Release|Any CPU.ActiveCfg = Release|Any CPU
		{32208535-1284-A265-F961-D861E91A63D0}.Release|Any CPU.Build.0 = Release|Any CPU
		{0C4D9DD6-ADDE-46AB-B71F-FA4F0553E52F}.Debug|Any CPU.ActiveCfg = Debug|Any CPU
		{0C4D9DD6-ADDE-46AB-B71F-FA4F0553E52F}.Debug|Any CPU.Build.0 = Debug|Any CPU
		{0C4D9DD6-ADDE-46AB-B71F-FA4F0553E52F}.Release|Any CPU.ActiveCfg = Release|Any CPU
		{0C4D9DD6-ADDE-46AB-B71F-FA4F0553E52F}.Release|Any CPU.Build.0 = Release|Any CPU
		{24DD74CD-F436-D012-9BE4-965BC03FC9AF}.Debug|Any CPU.ActiveCfg = Debug|Any CPU
		{24DD74CD-F436-D012-9BE4-965BC03FC9AF}.Debug|Any CPU.Build.0 = Debug|Any CPU
		{24DD74CD-F436-D012-9BE4-965BC03FC9AF}.Release|Any CPU.ActiveCfg = Release|Any CPU
		{24DD74CD-F436-D012-9BE4-965BC03FC9AF}.Release|Any CPU.Build.0 = Release|Any CPU
		{E0679474-D3DE-C16D-EE7C-A8E562F113FD}.Debug|Any CPU.ActiveCfg = Debug|Any CPU
		{E0679474-D3DE-C16D-EE7C-A8E562F113FD}.Debug|Any CPU.Build.0 = Debug|Any CPU
		{E0679474-D3DE-C16D-EE7C-A8E562F113FD}.Release|Any CPU.ActiveCfg = Release|Any CPU
		{E0679474-D3DE-C16D-EE7C-A8E562F113FD}.Release|Any CPU.Build.0 = Release|Any CPU
		{C38EDAD1-3A1E-7014-B5F9-3D7B16078C91}.Debug|Any CPU.ActiveCfg = Debug|Any CPU
		{C38EDAD1-3A1E-7014-B5F9-3D7B16078C91}.Debug|Any CPU.Build.0 = Debug|Any CPU
		{C38EDAD1-3A1E-7014-B5F9-3D7B16078C91}.Release|Any CPU.ActiveCfg = Release|Any CPU
		{C38EDAD1-3A1E-7014-B5F9-3D7B16078C91}.Release|Any CPU.Build.0 = Release|Any CPU
		{8D72E1B1-4386-638B-4577-F5E4156C0275}.Debug|Any CPU.ActiveCfg = Debug|Any CPU
		{8D72E1B1-4386-638B-4577-F5E4156C0275}.Debug|Any CPU.Build.0 = Debug|Any CPU
		{8D72E1B1-4386-638B-4577-F5E4156C0275}.Release|Any CPU.ActiveCfg = Release|Any CPU
		{8D72E1B1-4386-638B-4577-F5E4156C0275}.Release|Any CPU.Build.0 = Release|Any CPU
		{5BCBA826-9BD0-B0CA-250E-CF9E874FE54E}.Debug|Any CPU.ActiveCfg = Debug|Any CPU
		{5BCBA826-9BD0-B0CA-250E-CF9E874FE54E}.Debug|Any CPU.Build.0 = Debug|Any CPU
		{5BCBA826-9BD0-B0CA-250E-CF9E874FE54E}.Release|Any CPU.ActiveCfg = Release|Any CPU
		{5BCBA826-9BD0-B0CA-250E-CF9E874FE54E}.Release|Any CPU.Build.0 = Release|Any CPU
		{17E5F2C6-C3DF-DB08-94B9-B730BC10A2B5}.Debug|Any CPU.ActiveCfg = Debug|Any CPU
		{17E5F2C6-C3DF-DB08-94B9-B730BC10A2B5}.Debug|Any CPU.Build.0 = Debug|Any CPU
		{17E5F2C6-C3DF-DB08-94B9-B730BC10A2B5}.Release|Any CPU.ActiveCfg = Release|Any CPU
		{17E5F2C6-C3DF-DB08-94B9-B730BC10A2B5}.Release|Any CPU.Build.0 = Release|Any CPU
		{C9441EB2-7740-CFE1-396C-145E52003E8C}.Debug|Any CPU.ActiveCfg = Debug|Any CPU
		{C9441EB2-7740-CFE1-396C-145E52003E8C}.Debug|Any CPU.Build.0 = Debug|Any CPU
		{C9441EB2-7740-CFE1-396C-145E52003E8C}.Release|Any CPU.ActiveCfg = Release|Any CPU
		{C9441EB2-7740-CFE1-396C-145E52003E8C}.Release|Any CPU.Build.0 = Release|Any CPU
		{F36FA0B7-D66E-4D55-8BE3-104E8729D5F7}.Debug|Any CPU.ActiveCfg = Debug|Any CPU
		{F36FA0B7-D66E-4D55-8BE3-104E8729D5F7}.Debug|Any CPU.Build.0 = Debug|Any CPU
		{F36FA0B7-D66E-4D55-8BE3-104E8729D5F7}.Release|Any CPU.ActiveCfg = Release|Any CPU
		{F36FA0B7-D66E-4D55-8BE3-104E8729D5F7}.Release|Any CPU.Build.0 = Release|Any CPU
	EndGlobalSection
	GlobalSection(SolutionProperties) = preSolution
		HideSolutionNode = FALSE
	EndGlobalSection
	GlobalSection(NestedProjects) = preSolution
		{42860CD1-920E-469C-9503-DEA7A327BD73} = {881589EE-639B-0A35-DBCE-5D94E4FC90C0}
		{5763F7A9-DC0B-B007-0B56-087FB73F17CC} = {5D20AA90-6969-D8BD-9DCD-8634F4692FDA}
		{6293A02D-4892-40E2-B701-430A6EF3020E} = {881589EE-639B-0A35-DBCE-5D94E4FC90C0}
		{7509EB34-00A8-4143-89C1-0AD8F83CCB31} = {5D20AA90-6969-D8BD-9DCD-8634F4692FDA}
		{DEB547CA-D447-B327-259F-238AF93D10C7} = {DFEE68D8-A7D0-1A41-506C-9B74AA9A7B7B}
		{C0EC5E17-5A76-2568-410A-74FB344ED6B3} = {DFEE68D8-A7D0-1A41-506C-9B74AA9A7B7B}
		{65804498-E31A-AE7D-5205-243DFA5A8E29} = {881589EE-639B-0A35-DBCE-5D94E4FC90C0}
		{D91551BF-A80B-6B9F-A087-4D65CF2F5EC2} = {881589EE-639B-0A35-DBCE-5D94E4FC90C0}
		{4D6475AB-F8C8-D372-B02F-D95841AE31C8} = {D82C56D6-B2CD-F611-9E31-04638F7EC30E}
		{99FFDB02-F10E-509E-EBB5-92BFA86F5E66} = {D82C56D6-B2CD-F611-9E31-04638F7EC30E}
		{5FEC7AAA-15C4-690F-053D-BB55F64690E2} = {D82C56D6-B2CD-F611-9E31-04638F7EC30E}
		{E7F73B9D-823B-3F8F-BCA5-95E3A9E0EFE3} = {D82C56D6-B2CD-F611-9E31-04638F7EC30E}
		{A583CDB0-9B39-556D-AB8E-F28A7459A8A9} = {D82C56D6-B2CD-F611-9E31-04638F7EC30E}
		{32208535-1284-A265-F961-D861E91A63D0} = {D82C56D6-B2CD-F611-9E31-04638F7EC30E}
		{0C4D9DD6-ADDE-46AB-B71F-FA4F0553E52F} = {D82C56D6-B2CD-F611-9E31-04638F7EC30E}
		{24DD74CD-F436-D012-9BE4-965BC03FC9AF} = {D82C56D6-B2CD-F611-9E31-04638F7EC30E}
		{E0679474-D3DE-C16D-EE7C-A8E562F113FD} = {D82C56D6-B2CD-F611-9E31-04638F7EC30E}
		{C38EDAD1-3A1E-7014-B5F9-3D7B16078C91} = {D82C56D6-B2CD-F611-9E31-04638F7EC30E}
		{8D72E1B1-4386-638B-4577-F5E4156C0275} = {D82C56D6-B2CD-F611-9E31-04638F7EC30E}
		{5BCBA826-9BD0-B0CA-250E-CF9E874FE54E} = {D82C56D6-B2CD-F611-9E31-04638F7EC30E}
		{17E5F2C6-C3DF-DB08-94B9-B730BC10A2B5} = {D82C56D6-B2CD-F611-9E31-04638F7EC30E}
		{C9441EB2-7740-CFE1-396C-145E52003E8C} = {D82C56D6-B2CD-F611-9E31-04638F7EC30E}
		{F36FA0B7-D66E-4D55-8BE3-104E8729D5F7} = {5D20AA90-6969-D8BD-9DCD-8634F4692FDA}
	EndGlobalSection
EndGlobal
